
Microsoft Visual Studio Solution File, Format Version 12.00
# Visual Studio 15
Project("{FAE04EC0-301F-11D3-BF4B-00C04F79EFBC}") = "Assembly-CSharp", "Assembly-CSharp.csproj", "{86D2E773-8FF2-044D-ACA8-8F213594C331}"
EndProject
Project("{FAE04EC0-301F-11D3-BF4B-00C04F79EFBC}") = "Assembly-CSharp-Editor", "Assembly-CSharp-Editor.csproj", "{6F65EFE4-F7C9-B4BE-22A9-D31E4FFD8F18}"
EndProject
Global
	GlobalSection(SolutionConfigurationPlatforms) = preSolution
		Debug|Any CPU = Debug|Any CPU
		Release|Any CPU = Release|Any CPU
	EndGlobalSection
	GlobalSection(ProjectConfigurationPlatforms) = postSolution
		{86D2E773-8FF2-044D-ACA8-8F213594C331}.Debug|Any CPU.ActiveCfg = Debug|Any CPU
		{86D2E773-8FF2-044D-ACA8-8F213594C331}.Debug|Any CPU.Build.0 = Debug|Any CPU
		{86D2E773-8FF2-044D-ACA8-8F213594C331}.Release|Any CPU.ActiveCfg = Release|Any CPU
		{86D2E773-8FF2-044D-ACA8-8F213594C331}.Release|Any CPU.Build.0 = Release|Any CPU
		{6F65EFE4-F7C9-B4BE-22A9-D31E4FFD8F18}.Debug|Any CPU.ActiveCfg = Debug|Any CPU
		{6F65EFE4-F7C9-B4BE-22A9-D31E4FFD8F18}.Debug|Any CPU.Build.0 = Debug|Any CPU
		{6F65EFE4-F7C9-B4BE-22A9-D31E4FFD8F18}.Release|Any CPU.ActiveCfg = Release|Any CPU
		{6F65EFE4-F7C9-B4BE-22A9-D31E4FFD8F18}.Release|Any CPU.Build.0 = Release|Any CPU
	EndGlobalSection
	GlobalSection(SolutionProperties) = preSolution
		HideSolutionNode = FALSE
	EndGlobalSection
EndGlobal
